
Microsoft Visual Studio Solution File, Format Version 12.00
# Visual Studio Version 16
VisualStudioVersion = 16.0.29609.76
MinimumVisualStudioVersion = 10.0.40219.1
Project("{9A19103F-16F7-4668-BE54-9A1E7A4F7556}") = "OctopusV3.Core", "OctopusV3.Core\OctopusV3.Core.csproj", "{666DA213-1E99-42BE-BFC4-F52DA0034580}"
EndProject
Project("{9A19103F-16F7-4668-BE54-9A1E7A4F7556}") = "OctopusV3.Data", "OctopusV3.Data\OctopusV3.Data.csproj", "{43BFCD3A-B6CC-4EC8-9061-4D68AF15299A}"
EndProject
Project("{9A19103F-16F7-4668-BE54-9A1E7A4F7556}") = "OctopusV3.DynamicHTML", "OctopusV3.DynamicHTML\OctopusV3.DynamicHTML.csproj", "{F025C49B-24FC-49B0-BB19-037AB9C408ED}"
EndProject
Project("{FAE04EC0-301F-11D3-BF4B-00C04F79EFBC}") = "OctopusV3.Net.Mvc", "OctopusV3.Net.Mvc\OctopusV3.Net.Mvc.csproj", "{3DD20389-D6CD-499B-B500-AFFABEDA386C}"
EndProject
Project("{FAE04EC0-301F-11D3-BF4B-00C04F79EFBC}") = "OctopusV3.Builder", "OctopusV3.Builder\OctopusV3.Builder.csproj", "{AF4776D0-2C40-4783-B95B-82A5E1776963}"
EndProject
Project("{9A19103F-16F7-4668-BE54-9A1E7A4F7556}") = "OctopusV3.API", "OctopusV3.API\OctopusV3.API.csproj", "{0A6B812F-ADC7-4E45-B991-A19645A057C5}"
EndProject
Project("{FAE04EC0-301F-11D3-BF4B-00C04F79EFBC}") = "OctopusV3.Core.Mvc", "OctopusV3.Core.Mvc\OctopusV3.Core.Mvc.csproj", "{9A8F0D18-53D5-4FA8-B80A-C72FDD22B8FF}"
EndProject
Global
	GlobalSection(SolutionConfigurationPlatforms) = preSolution
		Debug|Any CPU = Debug|Any CPU
		Release|Any CPU = Release|Any CPU
	EndGlobalSection
	GlobalSection(ProjectConfigurationPlatforms) = postSolution
		{666DA213-1E99-42BE-BFC4-F52DA0034580}.Debug|Any CPU.ActiveCfg = Debug|Any CPU
		{666DA213-1E99-42BE-BFC4-F52DA0034580}.Debug|Any CPU.Build.0 = Debug|Any CPU
		{666DA213-1E99-42BE-BFC4-F52DA0034580}.Release|Any CPU.ActiveCfg = Release|Any CPU
		{666DA213-1E99-42BE-BFC4-F52DA0034580}.Release|Any CPU.Build.0 = Release|Any CPU
		{43BFCD3A-B6CC-4EC8-9061-4D68AF15299A}.Debug|Any CPU.ActiveCfg = Debug|Any CPU
		{43BFCD3A-B6CC-4EC8-9061-4D68AF15299A}.Debug|Any CPU.Build.0 = Debug|Any CPU
		{43BFCD3A-B6CC-4EC8-9061-4D68AF15299A}.Release|Any CPU.ActiveCfg = Release|Any CPU
		{43BFCD3A-B6CC-4EC8-9061-4D68AF15299A}.Release|Any CPU.Build.0 = Release|Any CPU
		{F025C49B-24FC-49B0-BB19-037AB9C408ED}.Debug|Any CPU.ActiveCfg = Debug|Any CPU
		{F025C49B-24FC-49B0-BB19-037AB9C408ED}.Debug|Any CPU.Build.0 = Debug|Any CPU
		{F025C49B-24FC-49B0-BB19-037AB9C408ED}.Release|Any CPU.ActiveCfg = Release|Any CPU
		{F025C49B-24FC-49B0-BB19-037AB9C408ED}.Release|Any CPU.Build.0 = Release|Any CPU
		{3DD20389-D6CD-499B-B500-AFFABEDA386C}.Debug|Any CPU.ActiveCfg = Debug|Any CPU
		{3DD20389-D6CD-499B-B500-AFFABEDA386C}.Debug|Any CPU.Build.0 = Debug|Any CPU
		{3DD20389-D6CD-499B-B500-AFFABEDA386C}.Release|Any CPU.ActiveCfg = Release|Any CPU
		{3DD20389-D6CD-499B-B500-AFFABEDA386C}.Release|Any CPU.Build.0 = Release|Any CPU
		{AF4776D0-2C40-4783-B95B-82A5E1776963}.Debug|Any CPU.ActiveCfg = Debug|Any CPU
		{AF4776D0-2C40-4783-B95B-82A5E1776963}.Debug|Any CPU.Build.0 = Debug|Any CPU
		{AF4776D0-2C40-4783-B95B-82A5E1776963}.Release|Any CPU.ActiveCfg = Release|Any CPU
		{AF4776D0-2C40-4783-B95B-82A5E1776963}.Release|Any CPU.Build.0 = Release|Any CPU
		{0A6B812F-ADC7-4E45-B991-A19645A057C5}.Debug|Any CPU.ActiveCfg = Debug|Any CPU
		{0A6B812F-ADC7-4E45-B991-A19645A057C5}.Debug|Any CPU.Build.0 = Debug|Any CPU
		{0A6B812F-ADC7-4E45-B991-A19645A057C5}.Release|Any CPU.ActiveCfg = Release|Any CPU
		{0A6B812F-ADC7-4E45-B991-A19645A057C5}.Release|Any CPU.Build.0 = Release|Any CPU
		{9A8F0D18-53D5-4FA8-B80A-C72FDD22B8FF}.Debug|Any CPU.ActiveCfg = Debug|Any CPU
		{9A8F0D18-53D5-4FA8-B80A-C72FDD22B8FF}.Debug|Any CPU.Build.0 = Debug|Any CPU
		{9A8F0D18-53D5-4FA8-B80A-C72FDD22B8FF}.Release|Any CPU.ActiveCfg = Release|Any CPU
		{9A8F0D18-53D5-4FA8-B80A-C72FDD22B8FF}.Release|Any CPU.Build.0 = Release|Any CPU
	EndGlobalSection
	GlobalSection(SolutionProperties) = preSolution
		HideSolutionNode = FALSE
	EndGlobalSection
	GlobalSection(ExtensibilityGlobals) = postSolution
		SolutionGuid = {4CCB597A-3108-4A27-8427-BFB73FE890F0}
	EndGlobalSection
EndGlobal
